// !$*UTF8*$!
{
	archiveVersion = 1;
	classes = {
	};
	objectVersion = 77;
	objects = {

/* Begin PBXBuildFile section */
		03633E17DD9097F16B3FC0E4 /* EmailStore.swift in Sources */ = {isa = PBXBuildFile; fileRef = 6485AD7BDCDB6B83FF83ABDC /* EmailStore.swift */; };
		0488714B0ACA56A6F88863C2 /* SignInView.swift in Sources */ = {isa = PBXBuildFile; fileRef = DC4E330537A94F6BCADAAAD4 /* SignInView.swift */; };
		068C15BB396647F8FD1E742E /* ConvexService.swift in Sources */ = {isa = PBXBuildFile; fileRef = 7CCA195DB3CAFCF12889A9BB /* ConvexService.swift */; };
		09C9ADE896667C4859CA462C /* RoomSettingsView.swift in Sources */ = {isa = PBXBuildFile; fileRef = 8FE3EAACFEA3E82CAEC19854 /* RoomSettingsView.swift */; };
		0C660BE3353D043E19EF0DE5 /* TurnActivityAttributes.swift in Sources */ = {isa = PBXBuildFile; fileRef = DCFA3E11D565975BCF1963E6 /* TurnActivityAttributes.swift */; };
		0FBF4F77E469127A232146DA /* StewardTests.swift in Sources */ = {isa = PBXBuildFile; fileRef = 61F1982A7FB4CC833E7B9019 /* StewardTests.swift */; };
		10C8D99B63F181C712335A3B /* RoomFilesView.swift in Sources */ = {isa = PBXBuildFile; fileRef = 2668E5F1D641717C4F6D22D1 /* RoomFilesView.swift */; };
		11441CDD8CD68584FE437B4D /* RoomListView.swift in Sources */ = {isa = PBXBuildFile; fileRef = BDD31795F9B656F625EAD892 /* RoomListView.swift */; };
		17A3D4606681732C04850845 /* CornerWidgetsBundle.swift in Sources */ = {isa = PBXBuildFile; fileRef = 695BDD890D1149C5F2C34C22 /* CornerWidgetsBundle.swift */; };
		198EF3479D6A575E37861632 /* BackgroundWorkView.swift in Sources */ = {isa = PBXBuildFile; fileRef = 67A307160A2BA6304E0D969F /* BackgroundWorkView.swift */; };
		2511737A965FB08574CE81B9 /* TurnActivityAttributes.swift in Sources */ = {isa = PBXBuildFile; fileRef = DCFA3E11D565975BCF1963E6 /* TurnActivityAttributes.swift */; };
		256F30250207446B2B8E8AC2 /* Theme.swift in Sources */ = {isa = PBXBuildFile; fileRef = 738107B73EFB279CB127593B /* Theme.swift */; };
		25A6748FD4B611B4B17EC825 /* TrackerTests.swift in Sources */ = {isa = PBXBuildFile; fileRef = 50F30FB88FFD022F2EE47866 /* TrackerTests.swift */; };
		29927D73CA278D09E3F1EE00 /* AgentColor.swift in Sources */ = {isa = PBXBuildFile; fileRef = CEEF7FE0EBDF8ABD90A08461 /* AgentColor.swift */; };
		2AC0BF1ADB5977E4643C2A9B /* ChatViewModel.swift in Sources */ = {isa = PBXBuildFile; fileRef = 8899E5EB7B22DB9ECBE0F3AD /* ChatViewModel.swift */; };
		2B98AAF3B36FDA0762FFCB64 /* RootView.swift in Sources */ = {isa = PBXBuildFile; fileRef = 916A7D1153B518D56BC67226 /* RootView.swift */; };
		2C1245D09A52FF6A8D76D6D8 /* ReviewItem.swift in Sources */ = {isa = PBXBuildFile; fileRef = FC666C376DEDBBB91CD4B4A5 /* ReviewItem.swift */; };
		2F199EAD897C7389B93ED371 /* RouteTests.swift in Sources */ = {isa = PBXBuildFile; fileRef = 4D1F48718CC857618DDD22AC /* RouteTests.swift */; };
		2FF41C56D373CB68724A6820 /* ChecklistModels.swift in Sources */ = {isa = PBXBuildFile; fileRef = 0D338F81C17CC81B45E42DEF /* ChecklistModels.swift */; };
		30BDC1F8818270D2D032B74D /* RoomFilesStore.swift in Sources */ = {isa = PBXBuildFile; fileRef = C5AB4FE9FD2CF215F36AD149 /* RoomFilesStore.swift */; };
		312766B6F9DA582A0B9299E4 /* AccountView.swift in Sources */ = {isa = PBXBuildFile; fileRef = DCF3E52AD81A2EC95CEED4E8 /* AccountView.swift */; };
		325D8B6A9214AE5ABF456906 /* EmailStoreTests.swift in Sources */ = {isa = PBXBuildFile; fileRef = 90F75F08F61C328BA5285583 /* EmailStoreTests.swift */; };
		360A15234F8A1B6C6AEB4460 /* AttachmentTests.swift in Sources */ = {isa = PBXBuildFile; fileRef = 80716889B1EAF64D5F4D475E /* AttachmentTests.swift */; };
		37A297149FAE56CA5A8B49CD /* AvatarEditSheet.swift in Sources */ = {isa = PBXBuildFile; fileRef = 2B7AF275C1A50596A51C2BE7 /* AvatarEditSheet.swift */; };
		37E264721226C44D2B8330E5 /* OFL.txt in Resources */ = {isa = PBXBuildFile; fileRef = 4CB548873FD74F1BFC766C33 /* OFL.txt */; };
		3A2AC8BE4E432BFA44EF958D /* EmailView.swift in Sources */ = {isa = PBXBuildFile; fileRef = 87C433E0BF6B480BF2498620 /* EmailView.swift */; };
		3C89263F03DC8214C8FC69B0 /* ScrollBrainTests.swift in Sources */ = {isa = PBXBuildFile; fileRef = F6827290BB3EFB1945CC8003 /* ScrollBrainTests.swift */; };
		3CFC9CA3C44161F52E03C317 /* TrackerStore.swift in Sources */ = {isa = PBXBuildFile; fileRef = EC120F7C6D2DBDEE3EED7C41 /* TrackerStore.swift */; };
		3E19C3887D4D24B99A3923AD /* AssignSheet.swift in Sources */ = {isa = PBXBuildFile; fileRef = 2A92F26E1C6D5083CFB19872 /* AssignSheet.swift */; };
		3F70D184D0A19193AA25F473 /* RoomStatus.swift in Sources */ = {isa = PBXBuildFile; fileRef = 9AF65AAEC8B2AFEB4B0762CE /* RoomStatus.swift */; };
		41096FF6DF436F77FDDB4149 /* RoomFile.swift in Sources */ = {isa = PBXBuildFile; fileRef = F369BDA68010DC01F327B636 /* RoomFile.swift */; };
		43F10EC3E241028F8499CB7D /* SharedBackendAcceptance.swift in Sources */ = {isa = PBXBuildFile; fileRef = 873E8286324C24FC3DC9BCFD /* SharedBackendAcceptance.swift */; };
		47067B6C4D6E1B1C956E98DF /* DeepLinkTests.swift in Sources */ = {isa = PBXBuildFile; fileRef = 714FB0F47259B6FE53E2B007 /* DeepLinkTests.swift */; };
		47CCB79C447AFA2DE3D47EFE /* ReviewStore.swift in Sources */ = {isa = PBXBuildFile; fileRef = 5A37CB7AFC65227A32353A1D /* ReviewStore.swift */; };
		4B264EB64750986042B1356F /* TrackerModels.swift in Sources */ = {isa = PBXBuildFile; fileRef = 414FBC6E316F126CBB060672 /* TrackerModels.swift */; };
		4B6099647E0C5ED3B50D890F /* Supabase in Frameworks */ = {isa = PBXBuildFile; productRef = 75430995A119BF809AA1762E /* Supabase */; };
		5109FDB27364FB26A7243EBA /* CornerAPI.swift in Sources */ = {isa = PBXBuildFile; fileRef = 49FDC9EB2F5FB0CC8AF8FFF7 /* CornerAPI.swift */; };
		5439CC4459706B0FAD7EEB0A /* FilePreviewView.swift in Sources */ = {isa = PBXBuildFile; fileRef = 903AFF4D43CCE9D4B8913D59 /* FilePreviewView.swift */; };
		55924787137A19668A11C0E9 /* TrackerView.swift in Sources */ = {isa = PBXBuildFile; fileRef = 30D577DF665C37F7C6CDC690 /* TrackerView.swift */; };
		591609AA2AC6B868B4C86CB6 /* BackgroundWorkStore.swift in Sources */ = {isa = PBXBuildFile; fileRef = B278AB85C4B9477505810FB5 /* BackgroundWorkStore.swift */; };
		5CCD87F91BDBF76B032178E5 /* Typography.swift in Sources */ = {isa = PBXBuildFile; fileRef = B367859B24AAEF52EBFEE774 /* Typography.swift */; };
		5EE25042FDF42579C1AE1705 /* RoomChecklistStore.swift in Sources */ = {isa = PBXBuildFile; fileRef = DA58C64409596C25343E0CE7 /* RoomChecklistStore.swift */; };
		64A1F4E8A28A7508AA474B8F /* ChatViewModelTests.swift in Sources */ = {isa = PBXBuildFile; fileRef = B389E68564C3776CD2DBC754 /* ChatViewModelTests.swift */; };
		64C84398FCE2AEEB0B12C3C2 /* RenderGalleryTests.swift in Sources */ = {isa = PBXBuildFile; fileRef = 602A96887BE24D9CBBF02832 /* RenderGalleryTests.swift */; };
		663E648B5E1B0C418B4E737E /* AirPodsVoiceService.swift in Sources */ = {isa = PBXBuildFile; fileRef = AFB91EBAB88CC0CFBBD574FE /* AirPodsVoiceService.swift */; };
		6C272D53D7567259F692976B /* EmailModels.swift in Sources */ = {isa = PBXBuildFile; fileRef = C5FB3FE961AAEFDE450F908E /* EmailModels.swift */; };
		6F95B95DBC7CD27B3132F7D7 /* ASCIIBackground.swift in Sources */ = {isa = PBXBuildFile; fileRef = ACE25EB01A73281103C7D018 /* ASCIIBackground.swift */; };
		6F9C32B58252C90AD5D3FB12 /* OrganizeTests.swift in Sources */ = {isa = PBXBuildFile; fileRef = 9DBDCCA9EDDA20D17DD9F490 /* OrganizeTests.swift */; };
		6FC0392BBA570C347E45317C /* ReadStateStore.swift in Sources */ = {isa = PBXBuildFile; fileRef = AA3BE3F5BD4EDB230E204F21 /* ReadStateStore.swift */; };
		71D7518E69E3760403AAA355 /* IntegrationsView.swift in Sources */ = {isa = PBXBuildFile; fileRef = 7CF99DF9192383E26F1255FB /* IntegrationsView.swift */; };
		74493D719E1C7DFEEB61A489 /* AppRouter.swift in Sources */ = {isa = PBXBuildFile; fileRef = E3984DE7AC39AFF032327719 /* AppRouter.swift */; };
		76BD23C3F1067385C26F7DA5 /* ScreenshotCapture.swift in Sources */ = {isa = PBXBuildFile; fileRef = 75ACE47EA6B1C041A0B19583 /* ScreenshotCapture.swift */; };
		7924B8A0025880C33F1527B8 /* HankenGrotesk-VF.ttf in Resources */ = {isa = PBXBuildFile; fileRef = A9D2EAFD89EEDF532AC5F081 /* HankenGrotesk-VF.ttf */; };
		7FDC7B1CC07EF4CD49D61305 /* PrivacyInfo.xcprivacy in Resources */ = {isa = PBXBuildFile; fileRef = 93F4B6205055988397D45943 /* PrivacyInfo.xcprivacy */; };
		8D12035D67DD5AF1CABB60A3 /* CornerApp.swift in Sources */ = {isa = PBXBuildFile; fileRef = 26170D6B1CAAE06391DEEC4A /* CornerApp.swift */; };
		8DAE8E6F61F28E73BEA4063D /* ReviewQueueView.swift in Sources */ = {isa = PBXBuildFile; fileRef = C582794E4358BAFB4A87FB79 /* ReviewQueueView.swift */; };
		8EC250D36A67090713DBA18C /* DebugAuth.swift in Sources */ = {isa = PBXBuildFile; fileRef = 53452A91F35EB1FCB0A97D20 /* DebugAuth.swift */; };
		97D0B387A6639C5A5AB59DE3 /* AirPodsVoiceView.swift in Sources */ = {isa = PBXBuildFile; fileRef = 99FB8DFF3ED23530DF860CA1 /* AirPodsVoiceView.swift */; };
		A1AEA03D8041FEA6FBEA89F9 /* PushService.swift in Sources */ = {isa = PBXBuildFile; fileRef = 131E1F3ED0F460574DE878C8 /* PushService.swift */; };
		A22E60838F4603A0CDEF0E27 /* CornerWidgets.appex in Embed Foundation Extensions */ = {isa = PBXBuildFile; fileRef = FD47F90E2DE3A97BBC7C7CCE /* CornerWidgets.appex */; settings = {ATTRIBUTES = (RemoveHeadersOnCopy, ); }; };
		A2EAF0E7C9A5AF056437FB67 /* TurnStreamEvent.swift in Sources */ = {isa = PBXBuildFile; fileRef = 00ECA7EAEB08CBB46C7E3091 /* TurnStreamEvent.swift */; };
		A37A798B47F30125C1DF2AC4 /* FilesAndReviewTests.swift in Sources */ = {isa = PBXBuildFile; fileRef = E0DB974AD71B1EFB7D9FEB9E /* FilesAndReviewTests.swift */; };
		A8CE144E7B95956A1649A091 /* OrganizeStore.swift in Sources */ = {isa = PBXBuildFile; fileRef = 05A3070E25A550ED51EC0D6C /* OrganizeStore.swift */; };
		B04855D1AA8063F92F8C5720 /* PreviewHarness.swift in Sources */ = {isa = PBXBuildFile; fileRef = 277963E40CC1BA7254A5AFEB /* PreviewHarness.swift */; };
		B7F9AD93ABD4175DC6DC664F /* HomeComposerView.swift in Sources */ = {isa = PBXBuildFile; fileRef = 11760F0F11D5F27C6574C07D /* HomeComposerView.swift */; };
		B82D8845FB4D6A42FFE3B6E5 /* NotificationActionsTests.swift in Sources */ = {isa = PBXBuildFile; fileRef = 482B63EA2B98F05A9B791A57 /* NotificationActionsTests.swift */; };
		BB027A6077198A083E013F4F /* DictationTests.swift in Sources */ = {isa = PBXBuildFile; fileRef = 0C99FCE97D401D0BBE3E06F6 /* DictationTests.swift */; };
		BD31F80A925155A28D8A320E /* Assets.xcassets in Resources */ = {isa = PBXBuildFile; fileRef = 96A237306D88F4D86B1338FF /* Assets.xcassets */; };
		BE9E2949C5B83F127ADC3D1B /* MessageContentTests.swift in Sources */ = {isa = PBXBuildFile; fileRef = 4951296375FEC3116AC43157 /* MessageContentTests.swift */; };
		BEF506F513C87AD019F8CB36 /* Room.swift in Sources */ = {isa = PBXBuildFile; fileRef = 3DA0369243BECC948ABC6C34 /* Room.swift */; };
		BF6717E93F7830302CD2B2D5 /* StopTests.swift in Sources */ = {isa = PBXBuildFile; fileRef = C5A28224A37CA4FF1FEAB137 /* StopTests.swift */; };
		C1939BFDB4B926C8661BC1FB /* RoomStatusTests.swift in Sources */ = {isa = PBXBuildFile; fileRef = D108379E9EA1B083B564C0BA /* RoomStatusTests.swift */; };
		C469971FD6BD6D5B756266ED /* ChatView.swift in Sources */ = {isa = PBXBuildFile; fileRef = 9230C3027553EA9247E87A7B /* ChatView.swift */; };
		C94D434781585E076EC0AFFB /* JSONValue.swift in Sources */ = {isa = PBXBuildFile; fileRef = 23F37A7F1A6A27F7C1FFFBEC /* JSONValue.swift */; };
		D17AC373E2D97B9925C032F8 /* RoomRoutingTests.swift in Sources */ = {isa = PBXBuildFile; fileRef = E85B84B4FDE537A6A0F8AFC4 /* RoomRoutingTests.swift */; };
		D1FFF5E4326042FDCC1D1C95 /* ReviewDecisionSheet.swift in Sources */ = {isa = PBXBuildFile; fileRef = D8CA935ACABC0C1E275A24EE /* ReviewDecisionSheet.swift */; };
		D3994FF4F8135E0708B1A9EB /* ScrollBrain.swift in Sources */ = {isa = PBXBuildFile; fileRef = 40AE09620DF2207D00FDA5FA /* ScrollBrain.swift */; };
		D5AC8F72E32D152ADD09E7E2 /* OrganizeFile.swift in Sources */ = {isa = PBXBuildFile; fileRef = 6E3B3D011843BAF1D207471C /* OrganizeFile.swift */; };
		D9FFF59D4BF03630C15A0404 /* MessageRow.swift in Sources */ = {isa = PBXBuildFile; fileRef = EBC55DE9AD33D944A1172351 /* MessageRow.swift */; };
		DA1EB5D4B866DFE79EF1D58D /* NotificationsView.swift in Sources */ = {isa = PBXBuildFile; fileRef = 78195C7CEC61A8E2A7C22582 /* NotificationsView.swift */; };
		DA24D1642230C7CAEBEFA62B /* WorkProjection.swift in Sources */ = {isa = PBXBuildFile; fileRef = 472C80894E72475D7BF66DE9 /* WorkProjection.swift */; };
		DA5EDE403E83544994CC49AF /* RoomStore.swift in Sources */ = {isa = PBXBuildFile; fileRef = 81D8FE03F68E468709423ABF /* RoomStore.swift */; };
		E088321A5DD334011E79ED97 /* Attachment.swift in Sources */ = {isa = PBXBuildFile; fileRef = ADE9EA2C183A1DE148D6AC9D /* Attachment.swift */; };
		E40FFC19D015526252E7DA4C /* MessageTransport.swift in Sources */ = {isa = PBXBuildFile; fileRef = 0DFC308C0F588971B5149FAA /* MessageTransport.swift */; };
		E4993169B470D0B135C28721 /* Config.swift in Sources */ = {isa = PBXBuildFile; fileRef = 511F13AF96453AFD60AFD6A5 /* Config.swift */; };
		E575CF7FB137D70F8DC7CFB2 /* NewRoomSheet.swift in Sources */ = {isa = PBXBuildFile; fileRef = 4F453FA5B1DE0CAE3D48719C /* NewRoomSheet.swift */; };
		E81089AB818B6D912CEA6C57 /* SpeechService.swift in Sources */ = {isa = PBXBuildFile; fileRef = 0200B80365B5D89CF18C2325 /* SpeechService.swift */; };
		E8B80F143EFA78E8DDC4C953 /* SessionHistoryView.swift in Sources */ = {isa = PBXBuildFile; fileRef = 6163C7CC8968AAD5CB272E08 /* SessionHistoryView.swift */; };
		E8E73FFFDA7DF9FA8064EF47 /* BlockView.swift in Sources */ = {isa = PBXBuildFile; fileRef = A5CFBB6863CA0F004E7A1BF1 /* BlockView.swift */; };
		EADFCDD97E5E982685045F28 /* StreamTests.swift in Sources */ = {isa = PBXBuildFile; fileRef = F699E1C9894B7F4CA90C266B /* StreamTests.swift */; };
		EBC045F870ACA54B530AD5C9 /* WorkProjectionTests.swift in Sources */ = {isa = PBXBuildFile; fileRef = 49DDE7D78AE9015EEB08E6F6 /* WorkProjectionTests.swift */; };
		EC1499CF15C0D29AEF56EA2B /* FileStore.swift in Sources */ = {isa = PBXBuildFile; fileRef = C62786309F50F5448B66011A /* FileStore.swift */; };
		ECB52710BD4D59929EE091DC /* FakeTransport.swift in Sources */ = {isa = PBXBuildFile; fileRef = 4988E1AE930BD71A16CE2EEE /* FakeTransport.swift */; };
		ECDD6A42048D1D4E72E1DFE1 /* RenameRoomSheet.swift in Sources */ = {isa = PBXBuildFile; fileRef = FD1D7C11006C847C78947A9B /* RenameRoomSheet.swift */; };
		F2ECFB887F2E992960E10A3A /* MessageBubbleView.swift in Sources */ = {isa = PBXBuildFile; fileRef = 07EAECF062E7FAA88D07CFCA /* MessageBubbleView.swift */; };
		F42C78E0F08A0C382DEED0EC /* OrganizeView.swift in Sources */ = {isa = PBXBuildFile; fileRef = DA762654D7DF58269E50F794 /* OrganizeView.swift */; };
		F5F670A1A6362533E6104243 /* MessageContent.swift in Sources */ = {isa = PBXBuildFile; fileRef = 24F1365EAA4F96E30C9F1974 /* MessageContent.swift */; };
		F7093BA3DA32092E788924CA /* RoomAvatarView.swift in Sources */ = {isa = PBXBuildFile; fileRef = 41EB3D2C357667840C871590 /* RoomAvatarView.swift */; };
		F7C7CD438E6BCCCC2F5D8565 /* TurnActivityService.swift in Sources */ = {isa = PBXBuildFile; fileRef = 3BDDB385881E1A882A2BB055 /* TurnActivityService.swift */; };
		FAF9F44A90CFF18DCB681A88 /* RoomChecklistPanelView.swift in Sources */ = {isa = PBXBuildFile; fileRef = 250FB7020FBCD6913F87DC0E /* RoomChecklistPanelView.swift */; };
		FFE9E8F1F4CA6652FA1C030D /* RoomPreview.swift in Sources */ = {isa = PBXBuildFile; fileRef = 99BE7756A7FF16D575F011F2 /* RoomPreview.swift */; };
/* End PBXBuildFile section */

/* Begin PBXContainerItemProxy section */
		5CE651D02ADE9689C999755C /* PBXContainerItemProxy */ = {
			isa = PBXContainerItemProxy;
			containerPortal = DAB69DFD71A5E4425F4FF6F1 /* Project object */;
			proxyType = 1;
			remoteGlobalIDString = 1EF7BB98BEB3F881A1C38354;
			remoteInfo = CornerWidgets;
		};
		8F6B9E4DE723FBF260E79C1E /* PBXContainerItemProxy */ = {
			isa = PBXContainerItemProxy;
			containerPortal = DAB69DFD71A5E4425F4FF6F1 /* Project object */;
			proxyType = 1;
			remoteGlobalIDString = AAF2C2BAB82E503FC81DEAFF;
			remoteInfo = Corner;
		};
		90F3E50B250966A3D74744C7 /* PBXContainerItemProxy */ = {
			isa = PBXContainerItemProxy;
			containerPortal = DAB69DFD71A5E4425F4FF6F1 /* Project object */;
			proxyType = 1;
			remoteGlobalIDString = AAF2C2BAB82E503FC81DEAFF;
			remoteInfo = Corner;
		};
/* End PBXContainerItemProxy section */

/* Begin PBXCopyFilesBuildPhase section */
		8729365FE4AB2051547554CB /* Embed Foundation Extensions */ = {
			isa = PBXCopyFilesBuildPhase;
			buildActionMask = 2147483647;
			dstPath = "";
			dstSubfolderSpec = 13;
			files = (
				A22E60838F4603A0CDEF0E27 /* CornerWidgets.appex in Embed Foundation Extensions */,
			);
			name = "Embed Foundation Extensions";
			runOnlyForDeploymentPostprocessing = 0;
		};
/* End PBXCopyFilesBuildPhase section */

/* Begin PBXFileReference section */
		00ECA7EAEB08CBB46C7E3091 /* TurnStreamEvent.swift */ = {isa = PBXFileReference; lastKnownFileType = sourcecode.swift; path = TurnStreamEvent.swift; sourceTree = "<group>"; };
		0200B80365B5D89CF18C2325 /* SpeechService.swift */ = {isa = PBXFileReference; lastKnownFileType = sourcecode.swift; path = SpeechService.swift; sourceTree = "<group>"; };
		05A3070E25A550ED51EC0D6C /* OrganizeStore.swift */ = {isa = PBXFileReference; lastKnownFileType = sourcecode.swift; path = OrganizeStore.swift; sourceTree = "<group>"; };
		07EAECF062E7FAA88D07CFCA /* MessageBubbleView.swift */ = {isa = PBXFileReference; lastKnownFileType = sourcecode.swift; path = MessageBubbleView.swift; sourceTree = "<group>"; };
		0C99FCE97D401D0BBE3E06F6 /* DictationTests.swift */ = {isa = PBXFileReference; lastKnownFileType = sourcecode.swift; path = DictationTests.swift; sourceTree = "<group>"; };
		0D338F81C17CC81B45E42DEF /* ChecklistModels.swift */ = {isa = PBXFileReference; lastKnownFileType = sourcecode.swift; path = ChecklistModels.swift; sourceTree = "<group>"; };
		0DFC308C0F588971B5149FAA /* MessageTransport.swift */ = {isa = PBXFileReference; lastKnownFileType = sourcecode.swift; path = MessageTransport.swift; sourceTree = "<group>"; };
		11760F0F11D5F27C6574C07D /* HomeComposerView.swift */ = {isa = PBXFileReference; lastKnownFileType = sourcecode.swift; path = HomeComposerView.swift; sourceTree = "<group>"; };
		131E1F3ED0F460574DE878C8 /* PushService.swift */ = {isa = PBXFileReference; lastKnownFileType = sourcecode.swift; path = PushService.swift; sourceTree = "<group>"; };
		23F37A7F1A6A27F7C1FFFBEC /* JSONValue.swift */ = {isa = PBXFileReference; lastKnownFileType = sourcecode.swift; path = JSONValue.swift; sourceTree = "<group>"; };
		24F1365EAA4F96E30C9F1974 /* MessageContent.swift */ = {isa = PBXFileReference; lastKnownFileType = sourcecode.swift; path = MessageContent.swift; sourceTree = "<group>"; };
		250FB7020FBCD6913F87DC0E /* RoomChecklistPanelView.swift */ = {isa = PBXFileReference; lastKnownFileType = sourcecode.swift; path = RoomChecklistPanelView.swift; sourceTree = "<group>"; };
		26170D6B1CAAE06391DEEC4A /* CornerApp.swift */ = {isa = PBXFileReference; lastKnownFileType = sourcecode.swift; path = CornerApp.swift; sourceTree = "<group>"; };
		2668E5F1D641717C4F6D22D1 /* RoomFilesView.swift */ = {isa = PBXFileReference; lastKnownFileType = sourcecode.swift; path = RoomFilesView.swift; sourceTree = "<group>"; };
		277963E40CC1BA7254A5AFEB /* PreviewHarness.swift */ = {isa = PBXFileReference; lastKnownFileType = sourcecode.swift; path = PreviewHarness.swift; sourceTree = "<group>"; };
		2A92F26E1C6D5083CFB19872 /* AssignSheet.swift */ = {isa = PBXFileReference; lastKnownFileType = sourcecode.swift; path = AssignSheet.swift; sourceTree = "<group>"; };
		2B7AF275C1A50596A51C2BE7 /* AvatarEditSheet.swift */ = {isa = PBXFileReference; lastKnownFileType = sourcecode.swift; path = AvatarEditSheet.swift; sourceTree = "<group>"; };
		30D577DF665C37F7C6CDC690 /* TrackerView.swift */ = {isa = PBXFileReference; lastKnownFileType = sourcecode.swift; path = TrackerView.swift; sourceTree = "<group>"; };
		3BDDB385881E1A882A2BB055 /* TurnActivityService.swift */ = {isa = PBXFileReference; lastKnownFileType = sourcecode.swift; path = TurnActivityService.swift; sourceTree = "<group>"; };
		3DA0369243BECC948ABC6C34 /* Room.swift */ = {isa = PBXFileReference; lastKnownFileType = sourcecode.swift; path = Room.swift; sourceTree = "<group>"; };
		40AE09620DF2207D00FDA5FA /* ScrollBrain.swift */ = {isa = PBXFileReference; lastKnownFileType = sourcecode.swift; path = ScrollBrain.swift; sourceTree = "<group>"; };
		414FBC6E316F126CBB060672 /* TrackerModels.swift */ = {isa = PBXFileReference; lastKnownFileType = sourcecode.swift; path = TrackerModels.swift; sourceTree = "<group>"; };
		41EB3D2C357667840C871590 /* RoomAvatarView.swift */ = {isa = PBXFileReference; lastKnownFileType = sourcecode.swift; path = RoomAvatarView.swift; sourceTree = "<group>"; };
		472C80894E72475D7BF66DE9 /* WorkProjection.swift */ = {isa = PBXFileReference; lastKnownFileType = sourcecode.swift; path = WorkProjection.swift; sourceTree = "<group>"; };
		482B63EA2B98F05A9B791A57 /* NotificationActionsTests.swift */ = {isa = PBXFileReference; lastKnownFileType = sourcecode.swift; path = NotificationActionsTests.swift; sourceTree = "<group>"; };
		4951296375FEC3116AC43157 /* MessageContentTests.swift */ = {isa = PBXFileReference; lastKnownFileType = sourcecode.swift; path = MessageContentTests.swift; sourceTree = "<group>"; };
		4988E1AE930BD71A16CE2EEE /* FakeTransport.swift */ = {isa = PBXFileReference; lastKnownFileType = sourcecode.swift; path = FakeTransport.swift; sourceTree = "<group>"; };
		49DDE7D78AE9015EEB08E6F6 /* WorkProjectionTests.swift */ = {isa = PBXFileReference; lastKnownFileType = sourcecode.swift; path = WorkProjectionTests.swift; sourceTree = "<group>"; };
		49FDC9EB2F5FB0CC8AF8FFF7 /* CornerAPI.swift */ = {isa = PBXFileReference; lastKnownFileType = sourcecode.swift; path = CornerAPI.swift; sourceTree = "<group>"; };
		4CB548873FD74F1BFC766C33 /* OFL.txt */ = {isa = PBXFileReference; lastKnownFileType = text; path = OFL.txt; sourceTree = "<group>"; };
		4D1F48718CC857618DDD22AC /* RouteTests.swift */ = {isa = PBXFileReference; lastKnownFileType = sourcecode.swift; path = RouteTests.swift; sourceTree = "<group>"; };
		4F453FA5B1DE0CAE3D48719C /* NewRoomSheet.swift */ = {isa = PBXFileReference; lastKnownFileType = sourcecode.swift; path = NewRoomSheet.swift; sourceTree = "<group>"; };
		50F30FB88FFD022F2EE47866 /* TrackerTests.swift */ = {isa = PBXFileReference; lastKnownFileType = sourcecode.swift; path = TrackerTests.swift; sourceTree = "<group>"; };
		511F13AF96453AFD60AFD6A5 /* Config.swift */ = {isa = PBXFileReference; lastKnownFileType = sourcecode.swift; path = Config.swift; sourceTree = "<group>"; };
		53452A91F35EB1FCB0A97D20 /* DebugAuth.swift */ = {isa = PBXFileReference; lastKnownFileType = sourcecode.swift; path = DebugAuth.swift; sourceTree = "<group>"; };
		5A37CB7AFC65227A32353A1D /* ReviewStore.swift */ = {isa = PBXFileReference; lastKnownFileType = sourcecode.swift; path = ReviewStore.swift; sourceTree = "<group>"; };
		602A96887BE24D9CBBF02832 /* RenderGalleryTests.swift */ = {isa = PBXFileReference; lastKnownFileType = sourcecode.swift; path = RenderGalleryTests.swift; sourceTree = "<group>"; };
		6163C7CC8968AAD5CB272E08 /* SessionHistoryView.swift */ = {isa = PBXFileReference; lastKnownFileType = sourcecode.swift; path = SessionHistoryView.swift; sourceTree = "<group>"; };
		61F1982A7FB4CC833E7B9019 /* StewardTests.swift */ = {isa = PBXFileReference; lastKnownFileType = sourcecode.swift; path = StewardTests.swift; sourceTree = "<group>"; };
		6485AD7BDCDB6B83FF83ABDC /* EmailStore.swift */ = {isa = PBXFileReference; lastKnownFileType = sourcecode.swift; path = EmailStore.swift; sourceTree = "<group>"; };
		67A307160A2BA6304E0D969F /* BackgroundWorkView.swift */ = {isa = PBXFileReference; lastKnownFileType = sourcecode.swift; path = BackgroundWorkView.swift; sourceTree = "<group>"; };
		695BDD890D1149C5F2C34C22 /* CornerWidgetsBundle.swift */ = {isa = PBXFileReference; lastKnownFileType = sourcecode.swift; path = CornerWidgetsBundle.swift; sourceTree = "<group>"; };
		6E3B3D011843BAF1D207471C /* OrganizeFile.swift */ = {isa = PBXFileReference; lastKnownFileType = sourcecode.swift; path = OrganizeFile.swift; sourceTree = "<group>"; };
		714FB0F47259B6FE53E2B007 /* DeepLinkTests.swift */ = {isa = PBXFileReference; lastKnownFileType = sourcecode.swift; path = DeepLinkTests.swift; sourceTree = "<group>"; };
		72FF977F8FA1EDB45C35713F /* CornerUITests.xctest */ = {isa = PBXFileReference; includeInIndex = 0; lastKnownFileType = wrapper.cfbundle; path = CornerUITests.xctest; sourceTree = BUILT_PRODUCTS_DIR; };
		738107B73EFB279CB127593B /* Theme.swift */ = {isa = PBXFileReference; lastKnownFileType = sourcecode.swift; path = Theme.swift; sourceTree = "<group>"; };
		75ACE47EA6B1C041A0B19583 /* ScreenshotCapture.swift */ = {isa = PBXFileReference; lastKnownFileType = sourcecode.swift; path = ScreenshotCapture.swift; sourceTree = "<group>"; };
		78195C7CEC61A8E2A7C22582 /* NotificationsView.swift */ = {isa = PBXFileReference; lastKnownFileType = sourcecode.swift; path = NotificationsView.swift; sourceTree = "<group>"; };
		7CCA195DB3CAFCF12889A9BB /* ConvexService.swift */ = {isa = PBXFileReference; lastKnownFileType = sourcecode.swift; path = ConvexService.swift; sourceTree = "<group>"; };
		7CF99DF9192383E26F1255FB /* IntegrationsView.swift */ = {isa = PBXFileReference; lastKnownFileType = sourcecode.swift; path = IntegrationsView.swift; sourceTree = "<group>"; };
		80716889B1EAF64D5F4D475E /* AttachmentTests.swift */ = {isa = PBXFileReference; lastKnownFileType = sourcecode.swift; path = AttachmentTests.swift; sourceTree = "<group>"; };
		81D8FE03F68E468709423ABF /* RoomStore.swift */ = {isa = PBXFileReference; lastKnownFileType = sourcecode.swift; path = RoomStore.swift; sourceTree = "<group>"; };
		873E8286324C24FC3DC9BCFD /* SharedBackendAcceptance.swift */ = {isa = PBXFileReference; lastKnownFileType = sourcecode.swift; path = SharedBackendAcceptance.swift; sourceTree = "<group>"; };
		87C433E0BF6B480BF2498620 /* EmailView.swift */ = {isa = PBXFileReference; lastKnownFileType = sourcecode.swift; path = EmailView.swift; sourceTree = "<group>"; };
		8899E5EB7B22DB9ECBE0F3AD /* ChatViewModel.swift */ = {isa = PBXFileReference; lastKnownFileType = sourcecode.swift; path = ChatViewModel.swift; sourceTree = "<group>"; };
		8FE3EAACFEA3E82CAEC19854 /* RoomSettingsView.swift */ = {isa = PBXFileReference; lastKnownFileType = sourcecode.swift; path = RoomSettingsView.swift; sourceTree = "<group>"; };
		903AFF4D43CCE9D4B8913D59 /* FilePreviewView.swift */ = {isa = PBXFileReference; lastKnownFileType = sourcecode.swift; path = FilePreviewView.swift; sourceTree = "<group>"; };
		90F75F08F61C328BA5285583 /* EmailStoreTests.swift */ = {isa = PBXFileReference; lastKnownFileType = sourcecode.swift; path = EmailStoreTests.swift; sourceTree = "<group>"; };
		916A7D1153B518D56BC67226 /* RootView.swift */ = {isa = PBXFileReference; lastKnownFileType = sourcecode.swift; path = RootView.swift; sourceTree = "<group>"; };
		9230C3027553EA9247E87A7B /* ChatView.swift */ = {isa = PBXFileReference; lastKnownFileType = sourcecode.swift; path = ChatView.swift; sourceTree = "<group>"; };
		937B6E4A3DF5DA1EBF7D9D7D /* CornerTests.xctest */ = {isa = PBXFileReference; includeInIndex = 0; lastKnownFileType = wrapper.cfbundle; path = CornerTests.xctest; sourceTree = BUILT_PRODUCTS_DIR; };
		93F4B6205055988397D45943 /* PrivacyInfo.xcprivacy */ = {isa = PBXFileReference; path = PrivacyInfo.xcprivacy; sourceTree = "<group>"; };
		96A237306D88F4D86B1338FF /* Assets.xcassets */ = {isa = PBXFileReference; lastKnownFileType = folder.assetcatalog; path = Assets.xcassets; sourceTree = "<group>"; };
		99BE7756A7FF16D575F011F2 /* RoomPreview.swift */ = {isa = PBXFileReference; lastKnownFileType = sourcecode.swift; path = RoomPreview.swift; sourceTree = "<group>"; };
		99FB8DFF3ED23530DF860CA1 /* AirPodsVoiceView.swift */ = {isa = PBXFileReference; lastKnownFileType = sourcecode.swift; path = AirPodsVoiceView.swift; sourceTree = "<group>"; };
		9AF65AAEC8B2AFEB4B0762CE /* RoomStatus.swift */ = {isa = PBXFileReference; lastKnownFileType = sourcecode.swift; path = RoomStatus.swift; sourceTree = "<group>"; };
		9DBDCCA9EDDA20D17DD9F490 /* OrganizeTests.swift */ = {isa = PBXFileReference; lastKnownFileType = sourcecode.swift; path = OrganizeTests.swift; sourceTree = "<group>"; };
		A5CFBB6863CA0F004E7A1BF1 /* BlockView.swift */ = {isa = PBXFileReference; lastKnownFileType = sourcecode.swift; path = BlockView.swift; sourceTree = "<group>"; };
		A9D2EAFD89EEDF532AC5F081 /* HankenGrotesk-VF.ttf */ = {isa = PBXFileReference; lastKnownFileType = file; path = "HankenGrotesk-VF.ttf"; sourceTree = "<group>"; };
		AA3BE3F5BD4EDB230E204F21 /* ReadStateStore.swift */ = {isa = PBXFileReference; lastKnownFileType = sourcecode.swift; path = ReadStateStore.swift; sourceTree = "<group>"; };
		ACE25EB01A73281103C7D018 /* ASCIIBackground.swift */ = {isa = PBXFileReference; lastKnownFileType = sourcecode.swift; path = ASCIIBackground.swift; sourceTree = "<group>"; };
		ADE9EA2C183A1DE148D6AC9D /* Attachment.swift */ = {isa = PBXFileReference; lastKnownFileType = sourcecode.swift; path = Attachment.swift; sourceTree = "<group>"; };
		AFB91EBAB88CC0CFBBD574FE /* AirPodsVoiceService.swift */ = {isa = PBXFileReference; lastKnownFileType = sourcecode.swift; path = AirPodsVoiceService.swift; sourceTree = "<group>"; };
		B278AB85C4B9477505810FB5 /* BackgroundWorkStore.swift */ = {isa = PBXFileReference; lastKnownFileType = sourcecode.swift; path = BackgroundWorkStore.swift; sourceTree = "<group>"; };
		B367859B24AAEF52EBFEE774 /* Typography.swift */ = {isa = PBXFileReference; lastKnownFileType = sourcecode.swift; path = Typography.swift; sourceTree = "<group>"; };
		B389E68564C3776CD2DBC754 /* ChatViewModelTests.swift */ = {isa = PBXFileReference; lastKnownFileType = sourcecode.swift; path = ChatViewModelTests.swift; sourceTree = "<group>"; };
		BDD31795F9B656F625EAD892 /* RoomListView.swift */ = {isa = PBXFileReference; lastKnownFileType = sourcecode.swift; path = RoomListView.swift; sourceTree = "<group>"; };
		C582794E4358BAFB4A87FB79 /* ReviewQueueView.swift */ = {isa = PBXFileReference; lastKnownFileType = sourcecode.swift; path = ReviewQueueView.swift; sourceTree = "<group>"; };
		C5A28224A37CA4FF1FEAB137 /* StopTests.swift */ = {isa = PBXFileReference; lastKnownFileType = sourcecode.swift; path = StopTests.swift; sourceTree = "<group>"; };
		C5AB4FE9FD2CF215F36AD149 /* RoomFilesStore.swift */ = {isa = PBXFileReference; lastKnownFileType = sourcecode.swift; path = RoomFilesStore.swift; sourceTree = "<group>"; };
		C5FB3FE961AAEFDE450F908E /* EmailModels.swift */ = {isa = PBXFileReference; lastKnownFileType = sourcecode.swift; path = EmailModels.swift; sourceTree = "<group>"; };
		C62786309F50F5448B66011A /* FileStore.swift */ = {isa = PBXFileReference; lastKnownFileType = sourcecode.swift; path = FileStore.swift; sourceTree = "<group>"; };
		C9DA6E1D50DE52ED44D3041F /* Corner.app */ = {isa = PBXFileReference; includeInIndex = 0; lastKnownFileType = wrapper.application; path = Corner.app; sourceTree = BUILT_PRODUCTS_DIR; };
		CEEF7FE0EBDF8ABD90A08461 /* AgentColor.swift */ = {isa = PBXFileReference; lastKnownFileType = sourcecode.swift; path = AgentColor.swift; sourceTree = "<group>"; };
		D108379E9EA1B083B564C0BA /* RoomStatusTests.swift */ = {isa = PBXFileReference; lastKnownFileType = sourcecode.swift; path = RoomStatusTests.swift; sourceTree = "<group>"; };
		D8CA935ACABC0C1E275A24EE /* ReviewDecisionSheet.swift */ = {isa = PBXFileReference; lastKnownFileType = sourcecode.swift; path = ReviewDecisionSheet.swift; sourceTree = "<group>"; };
		DA58C64409596C25343E0CE7 /* RoomChecklistStore.swift */ = {isa = PBXFileReference; lastKnownFileType = sourcecode.swift; path = RoomChecklistStore.swift; sourceTree = "<group>"; };
		DA762654D7DF58269E50F794 /* OrganizeView.swift */ = {isa = PBXFileReference; lastKnownFileType = sourcecode.swift; path = OrganizeView.swift; sourceTree = "<group>"; };
		DC4E330537A94F6BCADAAAD4 /* SignInView.swift */ = {isa = PBXFileReference; lastKnownFileType = sourcecode.swift; path = SignInView.swift; sourceTree = "<group>"; };
		DCF3E52AD81A2EC95CEED4E8 /* AccountView.swift */ = {isa = PBXFileReference; lastKnownFileType = sourcecode.swift; path = AccountView.swift; sourceTree = "<group>"; };
		DCFA3E11D565975BCF1963E6 /* TurnActivityAttributes.swift */ = {isa = PBXFileReference; lastKnownFileType = sourcecode.swift; path = TurnActivityAttributes.swift; sourceTree = "<group>"; };
		E0DB974AD71B1EFB7D9FEB9E /* FilesAndReviewTests.swift */ = {isa = PBXFileReference; lastKnownFileType = sourcecode.swift; path = FilesAndReviewTests.swift; sourceTree = "<group>"; };
		E3984DE7AC39AFF032327719 /* AppRouter.swift */ = {isa = PBXFileReference; lastKnownFileType = sourcecode.swift; path = AppRouter.swift; sourceTree = "<group>"; };
		E85B84B4FDE537A6A0F8AFC4 /* RoomRoutingTests.swift */ = {isa = PBXFileReference; lastKnownFileType = sourcecode.swift; path = RoomRoutingTests.swift; sourceTree = "<group>"; };
		EBC55DE9AD33D944A1172351 /* MessageRow.swift */ = {isa = PBXFileReference; lastKnownFileType = sourcecode.swift; path = MessageRow.swift; sourceTree = "<group>"; };
		EC120F7C6D2DBDEE3EED7C41 /* TrackerStore.swift */ = {isa = PBXFileReference; lastKnownFileType = sourcecode.swift; path = TrackerStore.swift; sourceTree = "<group>"; };
		F369BDA68010DC01F327B636 /* RoomFile.swift */ = {isa = PBXFileReference; lastKnownFileType = sourcecode.swift; path = RoomFile.swift; sourceTree = "<group>"; };
		F6827290BB3EFB1945CC8003 /* ScrollBrainTests.swift */ = {isa = PBXFileReference; lastKnownFileType = sourcecode.swift; path = ScrollBrainTests.swift; sourceTree = "<group>"; };
		F699E1C9894B7F4CA90C266B /* StreamTests.swift */ = {isa = PBXFileReference; lastKnownFileType = sourcecode.swift; path = StreamTests.swift; sourceTree = "<group>"; };
		FC666C376DEDBBB91CD4B4A5 /* ReviewItem.swift */ = {isa = PBXFileReference; lastKnownFileType = sourcecode.swift; path = ReviewItem.swift; sourceTree = "<group>"; };
		FD1D7C11006C847C78947A9B /* RenameRoomSheet.swift */ = {isa = PBXFileReference; lastKnownFileType = sourcecode.swift; path = RenameRoomSheet.swift; sourceTree = "<group>"; };
		FD47F90E2DE3A97BBC7C7CCE /* CornerWidgets.appex */ = {isa = PBXFileReference; includeInIndex = 0; lastKnownFileType = "wrapper.app-extension"; path = CornerWidgets.appex; sourceTree = BUILT_PRODUCTS_DIR; };
/* End PBXFileReference section */

/* Begin PBXFrameworksBuildPhase section */
		859E46210D5049B0A7486D12 /* Frameworks */ = {
			isa = PBXFrameworksBuildPhase;
			buildActionMask = 2147483647;
			files = (
				4B6099647E0C5ED3B50D890F /* Supabase in Frameworks */,
			);
			runOnlyForDeploymentPostprocessing = 0;
		};
/* End PBXFrameworksBuildPhase section */

/* Begin PBXGroup section */
		28AF62F4EFD28C9C4F8990C5 /* Views */ = {
			isa = PBXGroup;
			children = (
				DCF3E52AD81A2EC95CEED4E8 /* AccountView.swift */,
				99FB8DFF3ED23530DF860CA1 /* AirPodsVoiceView.swift */,
				ACE25EB01A73281103C7D018 /* ASCIIBackground.swift */,
				2A92F26E1C6D5083CFB19872 /* AssignSheet.swift */,
				2B7AF275C1A50596A51C2BE7 /* AvatarEditSheet.swift */,
				67A307160A2BA6304E0D969F /* BackgroundWorkView.swift */,
				A5CFBB6863CA0F004E7A1BF1 /* BlockView.swift */,
				9230C3027553EA9247E87A7B /* ChatView.swift */,
				8899E5EB7B22DB9ECBE0F3AD /* ChatViewModel.swift */,
				87C433E0BF6B480BF2498620 /* EmailView.swift */,
				903AFF4D43CCE9D4B8913D59 /* FilePreviewView.swift */,
				11760F0F11D5F27C6574C07D /* HomeComposerView.swift */,
				7CF99DF9192383E26F1255FB /* IntegrationsView.swift */,
				07EAECF062E7FAA88D07CFCA /* MessageBubbleView.swift */,
				4F453FA5B1DE0CAE3D48719C /* NewRoomSheet.swift */,
				78195C7CEC61A8E2A7C22582 /* NotificationsView.swift */,
				DA762654D7DF58269E50F794 /* OrganizeView.swift */,
				277963E40CC1BA7254A5AFEB /* PreviewHarness.swift */,
				FD1D7C11006C847C78947A9B /* RenameRoomSheet.swift */,
				D8CA935ACABC0C1E275A24EE /* ReviewDecisionSheet.swift */,
				C582794E4358BAFB4A87FB79 /* ReviewQueueView.swift */,
				41EB3D2C357667840C871590 /* RoomAvatarView.swift */,
				250FB7020FBCD6913F87DC0E /* RoomChecklistPanelView.swift */,
				2668E5F1D641717C4F6D22D1 /* RoomFilesView.swift */,
				BDD31795F9B656F625EAD892 /* RoomListView.swift */,
				8FE3EAACFEA3E82CAEC19854 /* RoomSettingsView.swift */,
				916A7D1153B518D56BC67226 /* RootView.swift */,
				6163C7CC8968AAD5CB272E08 /* SessionHistoryView.swift */,
				DC4E330537A94F6BCADAAAD4 /* SignInView.swift */,
				738107B73EFB279CB127593B /* Theme.swift */,
				30D577DF665C37F7C6CDC690 /* TrackerView.swift */,
				B367859B24AAEF52EBFEE774 /* Typography.swift */,
			);
			path = Views;
			sourceTree = "<group>";
		};
		3F431192897A7E91C2AEB990 /* Fonts */ = {
			isa = PBXGroup;
			children = (
				A9D2EAFD89EEDF532AC5F081 /* HankenGrotesk-VF.ttf */,
				4CB548873FD74F1BFC766C33 /* OFL.txt */,
			);
			path = Fonts;
			sourceTree = "<group>";
		};
		47DD8E7F934486C75F01A554 = {
			isa = PBXGroup;
			children = (
				85F08D846117AAFAB92DF5F9 /* Corner */,
				82872DE9E1C2741B07572EBE /* CornerTests */,
				C8B6B953172A7E3929FCB29B /* CornerUITests */,
				593DD4607AB469AF7916DFA9 /* CornerWidgets */,
				485F22BA650FA307351DBBDD /* Products */,
			);
			sourceTree = "<group>";
		};
		485F22BA650FA307351DBBDD /* Products */ = {
			isa = PBXGroup;
			children = (
				C9DA6E1D50DE52ED44D3041F /* Corner.app */,
				937B6E4A3DF5DA1EBF7D9D7D /* CornerTests.xctest */,
				72FF977F8FA1EDB45C35713F /* CornerUITests.xctest */,
				FD47F90E2DE3A97BBC7C7CCE /* CornerWidgets.appex */,
			);
			name = Products;
			sourceTree = "<group>";
		};
		593DD4607AB469AF7916DFA9 /* CornerWidgets */ = {
			isa = PBXGroup;
			children = (
				695BDD890D1149C5F2C34C22 /* CornerWidgetsBundle.swift */,
			);
			path = CornerWidgets;
			sourceTree = "<group>";
		};
		67DAA622703677F8F0BE8D76 /* Services */ = {
			isa = PBXGroup;
			children = (
				CEEF7FE0EBDF8ABD90A08461 /* AgentColor.swift */,
				AFB91EBAB88CC0CFBBD574FE /* AirPodsVoiceService.swift */,
				E3984DE7AC39AFF032327719 /* AppRouter.swift */,
				B278AB85C4B9477505810FB5 /* BackgroundWorkStore.swift */,
				7CCA195DB3CAFCF12889A9BB /* ConvexService.swift */,
				49FDC9EB2F5FB0CC8AF8FFF7 /* CornerAPI.swift */,
				53452A91F35EB1FCB0A97D20 /* DebugAuth.swift */,
				6485AD7BDCDB6B83FF83ABDC /* EmailStore.swift */,
				C62786309F50F5448B66011A /* FileStore.swift */,
				0DFC308C0F588971B5149FAA /* MessageTransport.swift */,
				05A3070E25A550ED51EC0D6C /* OrganizeStore.swift */,
				131E1F3ED0F460574DE878C8 /* PushService.swift */,
				AA3BE3F5BD4EDB230E204F21 /* ReadStateStore.swift */,
				5A37CB7AFC65227A32353A1D /* ReviewStore.swift */,
				C5AB4FE9FD2CF215F36AD149 /* RoomFilesStore.swift */,
				81D8FE03F68E468709423ABF /* RoomStore.swift */,
				0200B80365B5D89CF18C2325 /* SpeechService.swift */,
				EC120F7C6D2DBDEE3EED7C41 /* TrackerStore.swift */,
				3BDDB385881E1A882A2BB055 /* TurnActivityService.swift */,
			);
			path = Services;
			sourceTree = "<group>";
		};
		82872DE9E1C2741B07572EBE /* CornerTests */ = {
			isa = PBXGroup;
			children = (
				80716889B1EAF64D5F4D475E /* AttachmentTests.swift */,
				B389E68564C3776CD2DBC754 /* ChatViewModelTests.swift */,
				714FB0F47259B6FE53E2B007 /* DeepLinkTests.swift */,
				0C99FCE97D401D0BBE3E06F6 /* DictationTests.swift */,
				90F75F08F61C328BA5285583 /* EmailStoreTests.swift */,
				4988E1AE930BD71A16CE2EEE /* FakeTransport.swift */,
				E0DB974AD71B1EFB7D9FEB9E /* FilesAndReviewTests.swift */,
				4951296375FEC3116AC43157 /* MessageContentTests.swift */,
				482B63EA2B98F05A9B791A57 /* NotificationActionsTests.swift */,
				9DBDCCA9EDDA20D17DD9F490 /* OrganizeTests.swift */,
				602A96887BE24D9CBBF02832 /* RenderGalleryTests.swift */,
				E85B84B4FDE537A6A0F8AFC4 /* RoomRoutingTests.swift */,
				D108379E9EA1B083B564C0BA /* RoomStatusTests.swift */,
				4D1F48718CC857618DDD22AC /* RouteTests.swift */,
				F6827290BB3EFB1945CC8003 /* ScrollBrainTests.swift */,
				61F1982A7FB4CC833E7B9019 /* StewardTests.swift */,
				C5A28224A37CA4FF1FEAB137 /* StopTests.swift */,
				F699E1C9894B7F4CA90C266B /* StreamTests.swift */,
				50F30FB88FFD022F2EE47866 /* TrackerTests.swift */,
				49DDE7D78AE9015EEB08E6F6 /* WorkProjectionTests.swift */,
			);
			path = CornerTests;
			sourceTree = "<group>";
		};
		85F08D846117AAFAB92DF5F9 /* Corner */ = {
			isa = PBXGroup;
			children = (
				A54363CBE8FA5FD2990ABB47 /* Data */,
				3F431192897A7E91C2AEB990 /* Fonts */,
				F6B519A79FF1C08AD0F2C43A /* Models */,
				67DAA622703677F8F0BE8D76 /* Services */,
				28AF62F4EFD28C9C4F8990C5 /* Views */,
				96A237306D88F4D86B1338FF /* Assets.xcassets */,
				511F13AF96453AFD60AFD6A5 /* Config.swift */,
				26170D6B1CAAE06391DEEC4A /* CornerApp.swift */,
				93F4B6205055988397D45943 /* PrivacyInfo.xcprivacy */,
			);
			path = Corner;
			sourceTree = "<group>";
		};
		A54363CBE8FA5FD2990ABB47 /* Data */ = {
			isa = PBXGroup;
			children = (
				DA58C64409596C25343E0CE7 /* RoomChecklistStore.swift */,
				99BE7756A7FF16D575F011F2 /* RoomPreview.swift */,
				9AF65AAEC8B2AFEB4B0762CE /* RoomStatus.swift */,
				40AE09620DF2207D00FDA5FA /* ScrollBrain.swift */,
				472C80894E72475D7BF66DE9 /* WorkProjection.swift */,
			);
			path = Data;
			sourceTree = "<group>";
		};
		C8B6B953172A7E3929FCB29B /* CornerUITests */ = {
			isa = PBXGroup;
			children = (
				75ACE47EA6B1C041A0B19583 /* ScreenshotCapture.swift */,
				873E8286324C24FC3DC9BCFD /* SharedBackendAcceptance.swift */,
			);
			path = CornerUITests;
			sourceTree = "<group>";
		};
		F6B519A79FF1C08AD0F2C43A /* Models */ = {
			isa = PBXGroup;
			children = (
				ADE9EA2C183A1DE148D6AC9D /* Attachment.swift */,
				0D338F81C17CC81B45E42DEF /* ChecklistModels.swift */,
				C5FB3FE961AAEFDE450F908E /* EmailModels.swift */,
				23F37A7F1A6A27F7C1FFFBEC /* JSONValue.swift */,
				24F1365EAA4F96E30C9F1974 /* MessageContent.swift */,
				EBC55DE9AD33D944A1172351 /* MessageRow.swift */,
				6E3B3D011843BAF1D207471C /* OrganizeFile.swift */,
				FC666C376DEDBBB91CD4B4A5 /* ReviewItem.swift */,
				3DA0369243BECC948ABC6C34 /* Room.swift */,
				F369BDA68010DC01F327B636 /* RoomFile.swift */,
				414FBC6E316F126CBB060672 /* TrackerModels.swift */,
				DCFA3E11D565975BCF1963E6 /* TurnActivityAttributes.swift */,
				00ECA7EAEB08CBB46C7E3091 /* TurnStreamEvent.swift */,
			);
			path = Models;
			sourceTree = "<group>";
		};
/* End PBXGroup section */

/* Begin PBXNativeTarget section */
		1EF7BB98BEB3F881A1C38354 /* CornerWidgets */ = {
			isa = PBXNativeTarget;
			buildConfigurationList = 5B5B663A4D9606EC57841029 /* Build configuration list for PBXNativeTarget "CornerWidgets" */;
			buildPhases = (
				126B68DF6B4AC981301606A9 /* Sources */,
			);
			buildRules = (
			);
			dependencies = (
			);
			name = CornerWidgets;
			packageProductDependencies = (
			);
			productName = CornerWidgets;
			productReference = FD47F90E2DE3A97BBC7C7CCE /* CornerWidgets.appex */;
			productType = "com.apple.product-type.app-extension";
		};
		AAF2C2BAB82E503FC81DEAFF /* Corner */ = {
			isa = PBXNativeTarget;
			buildConfigurationList = CE662710D2F0E72118F5B3C4 /* Build configuration list for PBXNativeTarget "Corner" */;
			buildPhases = (
				6E6190A8F0E0A95FE051DB63 /* Sources */,
				C7555F2840F62EDC31BF5F15 /* Resources */,
				859E46210D5049B0A7486D12 /* Frameworks */,
				8729365FE4AB2051547554CB /* Embed Foundation Extensions */,
			);
			buildRules = (
			);
			dependencies = (
				5630E590812BF6F247F5D66B /* PBXTargetDependency */,
			);
			name = Corner;
			packageProductDependencies = (
				75430995A119BF809AA1762E /* Supabase */,
			);
			productName = Corner;
			productReference = C9DA6E1D50DE52ED44D3041F /* Corner.app */;
			productType = "com.apple.product-type.application";
		};
		BB9B100EDEBEB8977208EC1E /* CornerUITests */ = {
			isa = PBXNativeTarget;
			buildConfigurationList = 75941A436FFDDFE803904B49 /* Build configuration list for PBXNativeTarget "CornerUITests" */;
			buildPhases = (
				69B1B7909C2D60CBAEA37516 /* Sources */,
			);
			buildRules = (
			);
			dependencies = (
				2A3AB746CA4185017C9B8BF9 /* PBXTargetDependency */,
			);
			name = CornerUITests;
			packageProductDependencies = (
			);
			productName = CornerUITests;
			productReference = 72FF977F8FA1EDB45C35713F /* CornerUITests.xctest */;
			productType = "com.apple.product-type.bundle.ui-testing";
		};
		E030416519AE77BE41E2336B /* CornerTests */ = {
			isa = PBXNativeTarget;
			buildConfigurationList = E1843EED9CC1425600074900 /* Build configuration list for PBXNativeTarget "CornerTests" */;
			buildPhases = (
				60A27F425EA75A67A9AFC111 /* Sources */,
			);
			buildRules = (
			);
			dependencies = (
				5D284581D32FA2CD65B73BA3 /* PBXTargetDependency */,
			);
			name = CornerTests;
			packageProductDependencies = (
			);
			productName = CornerTests;
			productReference = 937B6E4A3DF5DA1EBF7D9D7D /* CornerTests.xctest */;
			productType = "com.apple.product-type.bundle.unit-test";
		};
/* End PBXNativeTarget section */

/* Begin PBXProject section */
		DAB69DFD71A5E4425F4FF6F1 /* Project object */ = {
			isa = PBXProject;
			attributes = {
				BuildIndependentTargetsInParallel = YES;
				LastUpgradeCheck = 1430;
				TargetAttributes = {
					1EF7BB98BEB3F881A1C38354 = {
						DevelopmentTeam = PDYFTMXNJ2;
					};
					AAF2C2BAB82E503FC81DEAFF = {
						DevelopmentTeam = PDYFTMXNJ2;
						ProvisioningStyle = Manual;
					};
					BB9B100EDEBEB8977208EC1E = {
						DevelopmentTeam = PDYFTMXNJ2;
						ProvisioningStyle = Automatic;
						TestTargetID = AAF2C2BAB82E503FC81DEAFF;
					};
					E030416519AE77BE41E2336B = {
						DevelopmentTeam = PDYFTMXNJ2;
						ProvisioningStyle = Automatic;
					};
				};
			};
			buildConfigurationList = BFD2A0AC1F3974FFD7EFF111 /* Build configuration list for PBXProject "Corner" */;
			developmentRegion = en;
			hasScannedForEncodings = 0;
			knownRegions = (
				Base,
				en,
			);
			mainGroup = 47DD8E7F934486C75F01A554;
			minimizedProjectReferenceProxies = 1;
			packageReferences = (
				8097A2ABD88F8D4C10C8B762 /* XCRemoteSwiftPackageReference "supabase-swift" */,
			);
			preferredProjectObjectVersion = 77;
			productRefGroup = 485F22BA650FA307351DBBDD /* Products */;
			projectDirPath = "";
			projectRoot = "";
			targets = (
				AAF2C2BAB82E503FC81DEAFF /* Corner */,
				1EF7BB98BEB3F881A1C38354 /* CornerWidgets */,
				E030416519AE77BE41E2336B /* CornerTests */,
				BB9B100EDEBEB8977208EC1E /* CornerUITests */,
			);
		};
/* End PBXProject section */

/* Begin PBXResourcesBuildPhase section */
		C7555F2840F62EDC31BF5F15 /* Resources */ = {
			isa = PBXResourcesBuildPhase;
			buildActionMask = 2147483647;
			files = (
				BD31F80A925155A28D8A320E /* Assets.xcassets in Resources */,
				7924B8A0025880C33F1527B8 /* HankenGrotesk-VF.ttf in Resources */,
				37E264721226C44D2B8330E5 /* OFL.txt in Resources */,
				7FDC7B1CC07EF4CD49D61305 /* PrivacyInfo.xcprivacy in Resources */,
			);
			runOnlyForDeploymentPostprocessing = 0;
		};
/* End PBXResourcesBuildPhase section */

/* Begin PBXSourcesBuildPhase section */
		126B68DF6B4AC981301606A9 /* Sources */ = {
			isa = PBXSourcesBuildPhase;
			buildActionMask = 2147483647;
			files = (
				17A3D4606681732C04850845 /* CornerWidgetsBundle.swift in Sources */,
				2511737A965FB08574CE81B9 /* TurnActivityAttributes.swift in Sources */,
			);
			runOnlyForDeploymentPostprocessing = 0;
		};
		60A27F425EA75A67A9AFC111 /* Sources */ = {
			isa = PBXSourcesBuildPhase;
			buildActionMask = 2147483647;
			files = (
				360A15234F8A1B6C6AEB4460 /* AttachmentTests.swift in Sources */,
				64A1F4E8A28A7508AA474B8F /* ChatViewModelTests.swift in Sources */,
				47067B6C4D6E1B1C956E98DF /* DeepLinkTests.swift in Sources */,
				BB027A6077198A083E013F4F /* DictationTests.swift in Sources */,
				325D8B6A9214AE5ABF456906 /* EmailStoreTests.swift in Sources */,
				ECB52710BD4D59929EE091DC /* FakeTransport.swift in Sources */,
				A37A798B47F30125C1DF2AC4 /* FilesAndReviewTests.swift in Sources */,
				BE9E2949C5B83F127ADC3D1B /* MessageContentTests.swift in Sources */,
				B82D8845FB4D6A42FFE3B6E5 /* NotificationActionsTests.swift in Sources */,
				6F9C32B58252C90AD5D3FB12 /* OrganizeTests.swift in Sources */,
				64C84398FCE2AEEB0B12C3C2 /* RenderGalleryTests.swift in Sources */,
				D17AC373E2D97B9925C032F8 /* RoomRoutingTests.swift in Sources */,
				C1939BFDB4B926C8661BC1FB /* RoomStatusTests.swift in Sources */,
				2F199EAD897C7389B93ED371 /* RouteTests.swift in Sources */,
				3C89263F03DC8214C8FC69B0 /* ScrollBrainTests.swift in Sources */,
				0FBF4F77E469127A232146DA /* StewardTests.swift in Sources */,
				BF6717E93F7830302CD2B2D5 /* StopTests.swift in Sources */,
				EADFCDD97E5E982685045F28 /* StreamTests.swift in Sources */,
				25A6748FD4B611B4B17EC825 /* TrackerTests.swift in Sources */,
				EBC045F870ACA54B530AD5C9 /* WorkProjectionTests.swift in Sources */,
			);
			runOnlyForDeploymentPostprocessing = 0;
		};
		69B1B7909C2D60CBAEA37516 /* Sources */ = {
			isa = PBXSourcesBuildPhase;
			buildActionMask = 2147483647;
			files = (
				76BD23C3F1067385C26F7DA5 /* ScreenshotCapture.swift in Sources */,
				43F10EC3E241028F8499CB7D /* SharedBackendAcceptance.swift in Sources */,
			);
			runOnlyForDeploymentPostprocessing = 0;
		};
		6E6190A8F0E0A95FE051DB63 /* Sources */ = {
			isa = PBXSourcesBuildPhase;
			buildActionMask = 2147483647;
			files = (
				6F95B95DBC7CD27B3132F7D7 /* ASCIIBackground.swift in Sources */,
				312766B6F9DA582A0B9299E4 /* AccountView.swift in Sources */,
				29927D73CA278D09E3F1EE00 /* AgentColor.swift in Sources */,
				663E648B5E1B0C418B4E737E /* AirPodsVoiceService.swift in Sources */,
				97D0B387A6639C5A5AB59DE3 /* AirPodsVoiceView.swift in Sources */,
				74493D719E1C7DFEEB61A489 /* AppRouter.swift in Sources */,
				3E19C3887D4D24B99A3923AD /* AssignSheet.swift in Sources */,
				E088321A5DD334011E79ED97 /* Attachment.swift in Sources */,
				37A297149FAE56CA5A8B49CD /* AvatarEditSheet.swift in Sources */,
				591609AA2AC6B868B4C86CB6 /* BackgroundWorkStore.swift in Sources */,
				198EF3479D6A575E37861632 /* BackgroundWorkView.swift in Sources */,
				E8E73FFFDA7DF9FA8064EF47 /* BlockView.swift in Sources */,
				C469971FD6BD6D5B756266ED /* ChatView.swift in Sources */,
				2AC0BF1ADB5977E4643C2A9B /* ChatViewModel.swift in Sources */,
				2FF41C56D373CB68724A6820 /* ChecklistModels.swift in Sources */,
				E4993169B470D0B135C28721 /* Config.swift in Sources */,
				068C15BB396647F8FD1E742E /* ConvexService.swift in Sources */,
				5109FDB27364FB26A7243EBA /* CornerAPI.swift in Sources */,
				8D12035D67DD5AF1CABB60A3 /* CornerApp.swift in Sources */,
				8EC250D36A67090713DBA18C /* DebugAuth.swift in Sources */,
				6C272D53D7567259F692976B /* EmailModels.swift in Sources */,
				03633E17DD9097F16B3FC0E4 /* EmailStore.swift in Sources */,
				3A2AC8BE4E432BFA44EF958D /* EmailView.swift in Sources */,
				5439CC4459706B0FAD7EEB0A /* FilePreviewView.swift in Sources */,
				EC1499CF15C0D29AEF56EA2B /* FileStore.swift in Sources */,
				B7F9AD93ABD4175DC6DC664F /* HomeComposerView.swift in Sources */,
				71D7518E69E3760403AAA355 /* IntegrationsView.swift in Sources */,
				C94D434781585E076EC0AFFB /* JSONValue.swift in Sources */,
				F2ECFB887F2E992960E10A3A /* MessageBubbleView.swift in Sources */,
				F5F670A1A6362533E6104243 /* MessageContent.swift in Sources */,
				D9FFF59D4BF03630C15A0404 /* MessageRow.swift in Sources */,
				E40FFC19D015526252E7DA4C /* MessageTransport.swift in Sources */,
				E575CF7FB137D70F8DC7CFB2 /* NewRoomSheet.swift in Sources */,
				DA1EB5D4B866DFE79EF1D58D /* NotificationsView.swift in Sources */,
				D5AC8F72E32D152ADD09E7E2 /* OrganizeFile.swift in Sources */,
				A8CE144E7B95956A1649A091 /* OrganizeStore.swift in Sources */,
				F42C78E0F08A0C382DEED0EC /* OrganizeView.swift in Sources */,
				B04855D1AA8063F92F8C5720 /* PreviewHarness.swift in Sources */,
				A1AEA03D8041FEA6FBEA89F9 /* PushService.swift in Sources */,
				6FC0392BBA570C347E45317C /* ReadStateStore.swift in Sources */,
				ECDD6A42048D1D4E72E1DFE1 /* RenameRoomSheet.swift in Sources */,
				D1FFF5E4326042FDCC1D1C95 /* ReviewDecisionSheet.swift in Sources */,
				2C1245D09A52FF6A8D76D6D8 /* ReviewItem.swift in Sources */,
				8DAE8E6F61F28E73BEA4063D /* ReviewQueueView.swift in Sources */,
				47CCB79C447AFA2DE3D47EFE /* ReviewStore.swift in Sources */,
				BEF506F513C87AD019F8CB36 /* Room.swift in Sources */,
				F7093BA3DA32092E788924CA /* RoomAvatarView.swift in Sources */,
				FAF9F44A90CFF18DCB681A88 /* RoomChecklistPanelView.swift in Sources */,
				5EE25042FDF42579C1AE1705 /* RoomChecklistStore.swift in Sources */,
				41096FF6DF436F77FDDB4149 /* RoomFile.swift in Sources */,
				30BDC1F8818270D2D032B74D /* RoomFilesStore.swift in Sources */,
				10C8D99B63F181C712335A3B /* RoomFilesView.swift in Sources */,
				11441CDD8CD68584FE437B4D /* RoomListView.swift in Sources */,
				FFE9E8F1F4CA6652FA1C030D /* RoomPreview.swift in Sources */,
				09C9ADE896667C4859CA462C /* RoomSettingsView.swift in Sources */,
				3F70D184D0A19193AA25F473 /* RoomStatus.swift in Sources */,
				DA5EDE403E83544994CC49AF /* RoomStore.swift in Sources */,
				2B98AAF3B36FDA0762FFCB64 /* RootView.swift in Sources */,
				D3994FF4F8135E0708B1A9EB /* ScrollBrain.swift in Sources */,
				E8B80F143EFA78E8DDC4C953 /* SessionHistoryView.swift in Sources */,
				0488714B0ACA56A6F88863C2 /* SignInView.swift in Sources */,
				E81089AB818B6D912CEA6C57 /* SpeechService.swift in Sources */,
				256F30250207446B2B8E8AC2 /* Theme.swift in Sources */,
				4B264EB64750986042B1356F /* TrackerModels.swift in Sources */,
				3CFC9CA3C44161F52E03C317 /* TrackerStore.swift in Sources */,
				55924787137A19668A11C0E9 /* TrackerView.swift in Sources */,
				0C660BE3353D043E19EF0DE5 /* TurnActivityAttributes.swift in Sources */,
				F7C7CD438E6BCCCC2F5D8565 /* TurnActivityService.swift in Sources */,
				A2EAF0E7C9A5AF056437FB67 /* TurnStreamEvent.swift in Sources */,
				5CCD87F91BDBF76B032178E5 /* Typography.swift in Sources */,
				DA24D1642230C7CAEBEFA62B /* WorkProjection.swift in Sources */,
			);
			runOnlyForDeploymentPostprocessing = 0;
		};
/* End PBXSourcesBuildPhase section */

/* Begin PBXTargetDependency section */
		2A3AB746CA4185017C9B8BF9 /* PBXTargetDependency */ = {
			isa = PBXTargetDependency;
			target = AAF2C2BAB82E503FC81DEAFF /* Corner */;
			targetProxy = 8F6B9E4DE723FBF260E79C1E /* PBXContainerItemProxy */;
		};
		5630E590812BF6F247F5D66B /* PBXTargetDependency */ = {
			isa = PBXTargetDependency;
			target = 1EF7BB98BEB3F881A1C38354 /* CornerWidgets */;
			targetProxy = 5CE651D02ADE9689C999755C /* PBXContainerItemProxy */;
		};
		5D284581D32FA2CD65B73BA3 /* PBXTargetDependency */ = {
			isa = PBXTargetDependency;
			target = AAF2C2BAB82E503FC81DEAFF /* Corner */;
			targetProxy = 90F3E50B250966A3D74744C7 /* PBXContainerItemProxy */;
		};
/* End PBXTargetDependency section */

/* Begin XCBuildConfiguration section */
		321168D748E82A49847D5BA5 /* Release */ = {
			isa = XCBuildConfiguration;
			buildSettings = {
				ALWAYS_SEARCH_USER_PATHS = NO;
				CLANG_ANALYZER_NONNULL = YES;
				CLANG_ANALYZER_NUMBER_OBJECT_CONVERSION = YES_AGGRESSIVE;
				CLANG_CXX_LANGUAGE_STANDARD = "gnu++14";
				CLANG_CXX_LIBRARY = "libc++";
				CLANG_ENABLE_MODULES = YES;
				CLANG_ENABLE_OBJC_ARC = YES;
				CLANG_ENABLE_OBJC_WEAK = YES;
				CLANG_WARN_BLOCK_CAPTURE_AUTORELEASING = YES;
				CLANG_WARN_BOOL_CONVERSION = YES;
				CLANG_WARN_COMMA = YES;
				CLANG_WARN_CONSTANT_CONVERSION = YES;
				CLANG_WARN_DEPRECATED_OBJC_IMPLEMENTATIONS = YES;
				CLANG_WARN_DIRECT_OBJC_ISA_USAGE = YES_ERROR;
				CLANG_WARN_DOCUMENTATION_COMMENTS = YES;
				CLANG_WARN_EMPTY_BODY = YES;
				CLANG_WARN_ENUM_CONVERSION = YES;
				CLANG_WARN_INFINITE_RECURSION = YES;
				CLANG_WARN_INT_CONVERSION = YES;
				CLANG_WARN_NON_LITERAL_NULL_CONVERSION = YES;
				CLANG_WARN_OBJC_IMPLICIT_RETAIN_SELF = YES;
				CLANG_WARN_OBJC_LITERAL_CONVERSION = YES;
				CLANG_WARN_OBJC_ROOT_CLASS = YES_ERROR;
				CLANG_WARN_QUOTED_INCLUDE_IN_FRAMEWORK_HEADER = YES;
				CLANG_WARN_RANGE_LOOP_ANALYSIS = YES;
				CLANG_WARN_STRICT_PROTOTYPES = YES;
				CLANG_WARN_SUSPICIOUS_MOVE = YES;
				CLANG_WARN_UNGUARDED_AVAILABILITY = YES_AGGRESSIVE;
				CLANG_WARN_UNREACHABLE_CODE = YES;
				CLANG_WARN__DUPLICATE_METHOD_MATCH = YES;
				CODE_SIGN_STYLE = Automatic;
				COPY_PHASE_STRIP = NO;
				CURRENT_PROJECT_VERSION = 7;
				DEBUG_INFORMATION_FORMAT = "dwarf-with-dsym";
				DEVELOPMENT_TEAM = PDYFTMXNJ2;
				ENABLE_NS_ASSERTIONS = NO;
				ENABLE_STRICT_OBJC_MSGSEND = YES;
				ENABLE_USER_SCRIPT_SANDBOXING = YES;
				GCC_C_LANGUAGE_STANDARD = gnu11;
				GCC_NO_COMMON_BLOCKS = YES;
				GCC_WARN_64_TO_32_BIT_CONVERSION = YES;
				GCC_WARN_ABOUT_RETURN_TYPE = YES_ERROR;
				GCC_WARN_UNDECLARED_SELECTOR = YES;
				GCC_WARN_UNINITIALIZED_AUTOS = YES_AGGRESSIVE;
				GCC_WARN_UNUSED_FUNCTION = YES;
				GCC_WARN_UNUSED_VARIABLE = YES;
				IPHONEOS_DEPLOYMENT_TARGET = 17.0;
				MARKETING_VERSION = 1.0;
				MTL_ENABLE_DEBUG_INFO = NO;
				MTL_FAST_MATH = YES;
				PRODUCT_NAME = "$(TARGET_NAME)";
				SDKROOT = iphoneos;
				SWIFT_COMPILATION_MODE = wholemodule;
				SWIFT_OPTIMIZATION_LEVEL = "-O";
				SWIFT_VERSION = 5.0;
			};
			name = Release;
		};
		4691CBE90D5D41F184672BB2 /* Debug */ = {
			isa = XCBuildConfiguration;
			buildSettings = {
				BUNDLE_LOADER = "$(TEST_HOST)";
				GENERATE_INFOPLIST_FILE = YES;
				LD_RUNPATH_SEARCH_PATHS = (
					"$(inherited)",
					"@executable_path/Frameworks",
					"@loader_path/Frameworks",
				);
				PRODUCT_BUNDLE_IDENTIFIER = com.aheadofmarket.corner.uitests;
				SDKROOT = iphoneos;
				TARGETED_DEVICE_FAMILY = "1,2";
				TEST_TARGET_NAME = Corner;
			};
			name = Debug;
		};
		5B47B85445B9DA78FD2A1010 /* Release */ = {
			isa = XCBuildConfiguration;
			buildSettings = {
				APS_ENVIRONMENT = production;
				ASSETCATALOG_COMPILER_APPICON_NAME = AppIcon;
				ASSETCATALOG_COMPILER_GLOBAL_ACCENT_COLOR_NAME = AccentColor;
				CODE_SIGN_ENTITLEMENTS = Support/Corner.entitlements;
				CODE_SIGN_IDENTITY = "Apple Distribution";
				CODE_SIGN_STYLE = Manual;
				GENERATE_INFOPLIST_FILE = NO;
				INFOPLIST_FILE = Support/Info.plist;
				INFOPLIST_KEY_UIApplicationSceneManifest_Generation = YES;
				INFOPLIST_KEY_UIStatusBarStyle = UIStatusBarStyleLightContent;
				LD_RUNPATH_SEARCH_PATHS = (
					"$(inherited)",
					"@executable_path/Frameworks",
				);
				PRODUCT_BUNDLE_IDENTIFIER = com.aheadofmarket.corner;
				PRODUCT_NAME = Corner;
				PROVISIONING_PROFILE_SPECIFIER = "Corner App Store Distribution";
				SDKROOT = iphoneos;
				SWIFT_EMIT_LOC_STRINGS = YES;
				TARGETED_DEVICE_FAMILY = "1,2";
			};
			name = Release;
		};
		8A2183C83E644C06020DE27F /* Release */ = {
			isa = XCBuildConfiguration;
			buildSettings = {
				BUNDLE_LOADER = "$(TEST_HOST)";
				GENERATE_INFOPLIST_FILE = YES;
				LD_RUNPATH_SEARCH_PATHS = (
					"$(inherited)",
					"@executable_path/Frameworks",
					"@loader_path/Frameworks",
				);
				PRODUCT_BUNDLE_IDENTIFIER = com.aheadofmarket.corner.tests;
				SDKROOT = iphoneos;
				TARGETED_DEVICE_FAMILY = "1,2";
				TEST_HOST = "$(BUILT_PRODUCTS_DIR)/Corner.app/Corner";
			};
			name = Release;
		};
		92FC2F4255F7BA753321793D /* Debug */ = {
			isa = XCBuildConfiguration;
			buildSettings = {
				GENERATE_INFOPLIST_FILE = NO;
				INFOPLIST_FILE = "Support/CornerWidgets-Info.plist";
				LD_RUNPATH_SEARCH_PATHS = (
					"$(inherited)",
					"@executable_path/Frameworks",
					"@executable_path/../../Frameworks",
				);
				PRODUCT_BUNDLE_IDENTIFIER = com.aheadofmarket.corner.CornerWidgets;
				SDKROOT = iphoneos;
				SKIP_INSTALL = YES;
				SWIFT_EMIT_LOC_STRINGS = YES;
				TARGETED_DEVICE_FAMILY = "1,2";
			};
			name = Debug;
		};
		A50A6A143F751BD99BBFC118 /* Debug */ = {
			isa = XCBuildConfiguration;
			buildSettings = {
				BUNDLE_LOADER = "$(TEST_HOST)";
				GENERATE_INFOPLIST_FILE = YES;
				LD_RUNPATH_SEARCH_PATHS = (
					"$(inherited)",
					"@executable_path/Frameworks",
					"@loader_path/Frameworks",
				);
				PRODUCT_BUNDLE_IDENTIFIER = com.aheadofmarket.corner.tests;
				SDKROOT = iphoneos;
				TARGETED_DEVICE_FAMILY = "1,2";
				TEST_HOST = "$(BUILT_PRODUCTS_DIR)/Corner.app/Corner";
			};
			name = Debug;
		};
		AC237781B2F1DDD5F0C11D6A /* Release */ = {
			isa = XCBuildConfiguration;
			buildSettings = {
				BUNDLE_LOADER = "$(TEST_HOST)";
				GENERATE_INFOPLIST_FILE = YES;
				LD_RUNPATH_SEARCH_PATHS = (
					"$(inherited)",
					"@executable_path/Frameworks",
					"@loader_path/Frameworks",
				);
				PRODUCT_BUNDLE_IDENTIFIER = com.aheadofmarket.corner.uitests;
				SDKROOT = iphoneos;
				TARGETED_DEVICE_FAMILY = "1,2";
				TEST_TARGET_NAME = Corner;
			};
			name = Release;
		};
		C298FC62976F0A813FA40880 /* Debug */ = {
			isa = XCBuildConfiguration;
			buildSettings = {
				ASSETCATALOG_COMPILER_APPICON_NAME = AppIcon;
				ASSETCATALOG_COMPILER_GLOBAL_ACCENT_COLOR_NAME = AccentColor;
				CODE_SIGN_ENTITLEMENTS = "Support/Corner-Debug.entitlements";
				CODE_SIGN_IDENTITY = "Apple Distribution";
				CODE_SIGN_STYLE = Manual;
				GENERATE_INFOPLIST_FILE = NO;
				INFOPLIST_FILE = Support/Info.plist;
				INFOPLIST_KEY_UIApplicationSceneManifest_Generation = YES;
				INFOPLIST_KEY_UIStatusBarStyle = UIStatusBarStyleLightContent;
				LD_RUNPATH_SEARCH_PATHS = (
					"$(inherited)",
					"@executable_path/Frameworks",
				);
				PRODUCT_BUNDLE_IDENTIFIER = com.aheadofmarket.corner;
				PRODUCT_NAME = Corner;
				PROVISIONING_PROFILE_SPECIFIER = "Corner Ad Hoc Patrik iPhone";
				SDKROOT = iphoneos;
				SWIFT_EMIT_LOC_STRINGS = YES;
				TARGETED_DEVICE_FAMILY = "1,2";
			};
			name = Debug;
		};
		C883011861B6D5F21A6015E2 /* Debug */ = {
			isa = XCBuildConfiguration;
			buildSettings = {
				ALWAYS_SEARCH_USER_PATHS = NO;
				CLANG_ANALYZER_NONNULL = YES;
				CLANG_ANALYZER_NUMBER_OBJECT_CONVERSION = YES_AGGRESSIVE;
				CLANG_CXX_LANGUAGE_STANDARD = "gnu++14";
				CLANG_CXX_LIBRARY = "libc++";
				CLANG_ENABLE_MODULES = YES;
				CLANG_ENABLE_OBJC_ARC = YES;
				CLANG_ENABLE_OBJC_WEAK = YES;
				CLANG_WARN_BLOCK_CAPTURE_AUTORELEASING = YES;
				CLANG_WARN_BOOL_CONVERSION = YES;
				CLANG_WARN_COMMA = YES;
				CLANG_WARN_CONSTANT_CONVERSION = YES;
				CLANG_WARN_DEPRECATED_OBJC_IMPLEMENTATIONS = YES;
				CLANG_WARN_DIRECT_OBJC_ISA_USAGE = YES_ERROR;
				CLANG_WARN_DOCUMENTATION_COMMENTS = YES;
				CLANG_WARN_EMPTY_BODY = YES;
				CLANG_WARN_ENUM_CONVERSION = YES;
				CLANG_WARN_INFINITE_RECURSION = YES;
				CLANG_WARN_INT_CONVERSION = YES;
				CLANG_WARN_NON_LITERAL_NULL_CONVERSION = YES;
				CLANG_WARN_OBJC_IMPLICIT_RETAIN_SELF = YES;
				CLANG_WARN_OBJC_LITERAL_CONVERSION = YES;
				CLANG_WARN_OBJC_ROOT_CLASS = YES_ERROR;
				CLANG_WARN_QUOTED_INCLUDE_IN_FRAMEWORK_HEADER = YES;
				CLANG_WARN_RANGE_LOOP_ANALYSIS = YES;
				CLANG_WARN_STRICT_PROTOTYPES = YES;
				CLANG_WARN_SUSPICIOUS_MOVE = YES;
				CLANG_WARN_UNGUARDED_AVAILABILITY = YES_AGGRESSIVE;
				CLANG_WARN_UNREACHABLE_CODE = YES;
				CLANG_WARN__DUPLICATE_METHOD_MATCH = YES;
				CODE_SIGN_STYLE = Automatic;
				COPY_PHASE_STRIP = NO;
				CURRENT_PROJECT_VERSION = 7;
				DEBUG_INFORMATION_FORMAT = dwarf;
				DEVELOPMENT_TEAM = PDYFTMXNJ2;
				ENABLE_STRICT_OBJC_MSGSEND = YES;
				ENABLE_TESTABILITY = YES;
				ENABLE_USER_SCRIPT_SANDBOXING = YES;
				GCC_C_LANGUAGE_STANDARD = gnu11;
				GCC_DYNAMIC_NO_PIC = NO;
				GCC_NO_COMMON_BLOCKS = YES;
				GCC_OPTIMIZATION_LEVEL = 0;
				GCC_PREPROCESSOR_DEFINITIONS = (
					"$(inherited)",
					"DEBUG=1",
				);
				GCC_WARN_64_TO_32_BIT_CONVERSION = YES;
				GCC_WARN_ABOUT_RETURN_TYPE = YES_ERROR;
				GCC_WARN_UNDECLARED_SELECTOR = YES;
				GCC_WARN_UNINITIALIZED_AUTOS = YES_AGGRESSIVE;
				GCC_WARN_UNUSED_FUNCTION = YES;
				GCC_WARN_UNUSED_VARIABLE = YES;
				IPHONEOS_DEPLOYMENT_TARGET = 17.0;
				MARKETING_VERSION = 1.0;
				MTL_ENABLE_DEBUG_INFO = INCLUDE_SOURCE;
				MTL_FAST_MATH = YES;
				ONLY_ACTIVE_ARCH = YES;
				PRODUCT_NAME = "$(TARGET_NAME)";
				SDKROOT = iphoneos;
				SWIFT_ACTIVE_COMPILATION_CONDITIONS = DEBUG;
				SWIFT_OPTIMIZATION_LEVEL = "-Onone";
				SWIFT_VERSION = 5.0;
			};
			name = Debug;
		};
		CE00A191AE4569D276FCE0D9 /* Release */ = {
			isa = XCBuildConfiguration;
			buildSettings = {
				CODE_SIGN_IDENTITY = "Apple Distribution";
				CODE_SIGN_STYLE = Manual;
				GENERATE_INFOPLIST_FILE = NO;
				INFOPLIST_FILE = "Support/CornerWidgets-Info.plist";
				LD_RUNPATH_SEARCH_PATHS = (
					"$(inherited)",
					"@executable_path/Frameworks",
					"@executable_path/../../Frameworks",
				);
				PRODUCT_BUNDLE_IDENTIFIER = com.aheadofmarket.corner.CornerWidgets;
				PROVISIONING_PROFILE_SPECIFIER = "Corner Widgets App Store";
				SDKROOT = iphoneos;
				SKIP_INSTALL = YES;
				SWIFT_EMIT_LOC_STRINGS = YES;
				TARGETED_DEVICE_FAMILY = "1,2";
			};
			name = Release;
		};
/* End XCBuildConfiguration section */

/* Begin XCConfigurationList section */
		5B5B663A4D9606EC57841029 /* Build configuration list for PBXNativeTarget "CornerWidgets" */ = {
			isa = XCConfigurationList;
			buildConfigurations = (
				92FC2F4255F7BA753321793D /* Debug */,
				CE00A191AE4569D276FCE0D9 /* Release */,
			);
			defaultConfigurationIsVisible = 0;
			defaultConfigurationName = Debug;
		};
		75941A436FFDDFE803904B49 /* Build configuration list for PBXNativeTarget "CornerUITests" */ = {
			isa = XCConfigurationList;
			buildConfigurations = (
				4691CBE90D5D41F184672BB2 /* Debug */,
				AC237781B2F1DDD5F0C11D6A /* Release */,
			);
			defaultConfigurationIsVisible = 0;
			defaultConfigurationName = Debug;
		};
		BFD2A0AC1F3974FFD7EFF111 /* Build configuration list for PBXProject "Corner" */ = {
			isa = XCConfigurationList;
			buildConfigurations = (
				C883011861B6D5F21A6015E2 /* Debug */,
				321168D748E82A49847D5BA5 /* Release */,
			);
			defaultConfigurationIsVisible = 0;
			defaultConfigurationName = Debug;
		};
		CE662710D2F0E72118F5B3C4 /* Build configuration list for PBXNativeTarget "Corner" */ = {
			isa = XCConfigurationList;
			buildConfigurations = (
				C298FC62976F0A813FA40880 /* Debug */,
				5B47B85445B9DA78FD2A1010 /* Release */,
			);
			defaultConfigurationIsVisible = 0;
			defaultConfigurationName = Debug;
		};
		E1843EED9CC1425600074900 /* Build configuration list for PBXNativeTarget "CornerTests" */ = {
			isa = XCConfigurationList;
			buildConfigurations = (
				A50A6A143F751BD99BBFC118 /* Debug */,
				8A2183C83E644C06020DE27F /* Release */,
			);
			defaultConfigurationIsVisible = 0;
			defaultConfigurationName = Debug;
		};
/* End XCConfigurationList section */

/* Begin XCRemoteSwiftPackageReference section */
		8097A2ABD88F8D4C10C8B762 /* XCRemoteSwiftPackageReference "supabase-swift" */ = {
			isa = XCRemoteSwiftPackageReference;
			repositoryURL = "https://github.com/supabase/supabase-swift";
			requirement = {
				kind = upToNextMajorVersion;
				minimumVersion = 2.0.0;
			};
		};
/* End XCRemoteSwiftPackageReference section */

/* Begin XCSwiftPackageProductDependency section */
		75430995A119BF809AA1762E /* Supabase */ = {
			isa = XCSwiftPackageProductDependency;
			package = 8097A2ABD88F8D4C10C8B762 /* XCRemoteSwiftPackageReference "supabase-swift" */;
			productName = Supabase;
		};
/* End XCSwiftPackageProductDependency section */
	};
	rootObject = DAB69DFD71A5E4425F4FF6F1 /* Project object */;
}
